
Microsoft Visual Studio Solution File, Format Version 12.00
# Visual Studio Version 16
VisualStudioVersion = 16.0.30907.101
MinimumVisualStudioVersion = 10.0.40219.1
Project("{8BC9CEB8-8B4A-11D0-8D11-00A0C91BC942}") = "Giełda_projekt", "Giełda_projekt.vcxproj", "{8499AFE6-1379-40AB-9E48-1D4708B5CA2A}"
EndProject
Global
	GlobalSection(SolutionConfigurationPlatforms) = preSolution
		Debug|x64 = Debug|x64
		Debug|x86 = Debug|x86
		Release|x64 = Release|x64
		Release|x86 = Release|x86
	EndGlobalSection
	GlobalSection(ProjectConfigurationPlatforms) = postSolution
		{8499AFE6-1379-40AB-9E48-1D4708B5CA2A}.Debug|x64.ActiveCfg = Debug|x64
		{8499AFE6-1379-40AB-9E48-1D4708B5CA2A}.Debug|x64.Build.0 = Debug|x64
		{8499AFE6-1379-40AB-9E48-1D4708B5CA2A}.Debug|x86.ActiveCfg = Debug|Win32
		{8499AFE6-1379-40AB-9E48-1D4708B5CA2A}.Debug|x86.Build.0 = Debug|Win32
		{8499AFE6-1379-40AB-9E48-1D4708B5CA2A}.Release|x64.ActiveCfg = Release|x64
		{8499AFE6-1379-40AB-9E48-1D4708B5CA2A}.Release|x64.Build.0 = Release|x64
		{8499AFE6-1379-40AB-9E48-1D4708B5CA2A}.Release|x86.ActiveCfg = Release|Win32
		{8499AFE6-1379-40AB-9E48-1D4708B5CA2A}.Release|x86.Build.0 = Release|Win32
	EndGlobalSection
	GlobalSection(SolutionProperties) = preSolution
		HideSolutionNode = FALSE
	EndGlobalSection
	GlobalSection(ExtensibilityGlobals) = postSolution
		SolutionGuid = {4E0B5ABD-4AA7-44DE-9185-9CE1702B6FD9}
	EndGlobalSection
EndGlobal
